
Microsoft Visual Studio Solution File, Format Version 12.00
# Visual Studio 15
VisualStudioVersion = 15.0.27130.2027
MinimumVisualStudioVersion = 10.0.40219.1
Project("{FAE04EC0-301F-11D3-BF4B-00C04F79EFBC}") = "WpfApp7", "WpfApp7\WpfApp7.csproj", "{6BDA6515-1201-4BB3-9275-5770D47B1E31}"
EndProject
Global
	GlobalSection(SolutionConfigurationPlatforms) = preSolution
		Debug|Any CPU = Debug|Any CPU
		Release|Any CPU = Release|Any CPU
	EndGlobalSection
	GlobalSection(ProjectConfigurationPlatforms) = postSolution
		{6BDA6515-1201-4BB3-9275-5770D47B1E31}.Debug|Any CPU.ActiveCfg = Debug|Any CPU
		{6BDA6515-1201-4BB3-9275-5770D47B1E31}.Debug|Any CPU.Build.0 = Debug|Any CPU
		{6BDA6515-1201-4BB3-9275-5770D47B1E31}.Release|Any CPU.ActiveCfg = Release|Any CPU
		{6BDA6515-1201-4BB3-9275-5770D47B1E31}.Release|Any CPU.Build.0 = Release|Any CPU
	EndGlobalSection
	GlobalSection(SolutionProperties) = preSolution
		HideSolutionNode = FALSE
	EndGlobalSection
	GlobalSection(ExtensibilityGlobals) = postSolution
		SolutionGuid = {C34D726C-21D2-45F2-B148-25E3E11B8995}
	EndGlobalSection
EndGlobal
